
Microsoft Visual Studio Solution File, Format Version 12.00
# Visual Studio 15
VisualStudioVersion = 15.0.28307.852
MinimumVisualStudioVersion = 10.0.40219.1
Project("{FAE04EC0-301F-11D3-BF4B-00C04F79EFBC}") = "echobot", "echobot\echobot.csproj", "{939D1141-CAE1-4A52-9A38-82794AF65B6A}"
EndProject
Project("{9A19103F-16F7-4668-BE54-9A1E7A4F7556}") = "Framework", "Framework\Framework.csproj", "{E08A93BC-48D0-4D14-991B-DB2566A17DDD}"
EndProject
Global
	GlobalSection(SolutionConfigurationPlatforms) = preSolution
		Debug|Any CPU = Debug|Any CPU
		Release|Any CPU = Release|Any CPU
	EndGlobalSection
	GlobalSection(ProjectConfigurationPlatforms) = postSolution
		{939D1141-CAE1-4A52-9A38-82794AF65B6A}.Debug|Any CPU.ActiveCfg = Debug|Any CPU
		{939D1141-CAE1-4A52-9A38-82794AF65B6A}.Debug|Any CPU.Build.0 = Debug|Any CPU
		{939D1141-CAE1-4A52-9A38-82794AF65B6A}.Release|Any CPU.ActiveCfg = Release|Any CPU
		{939D1141-CAE1-4A52-9A38-82794AF65B6A}.Release|Any CPU.Build.0 = Release|Any CPU
		{E08A93BC-48D0-4D14-991B-DB2566A17DDD}.Debug|Any CPU.ActiveCfg = Debug|Any CPU
		{E08A93BC-48D0-4D14-991B-DB2566A17DDD}.Debug|Any CPU.Build.0 = Debug|Any CPU
		{E08A93BC-48D0-4D14-991B-DB2566A17DDD}.Release|Any CPU.ActiveCfg = Release|Any CPU
		{E08A93BC-48D0-4D14-991B-DB2566A17DDD}.Release|Any CPU.Build.0 = Release|Any CPU
	EndGlobalSection
	GlobalSection(SolutionProperties) = preSolution
		HideSolutionNode = FALSE
	EndGlobalSection
	GlobalSection(ExtensibilityGlobals) = postSolution
		SolutionGuid = {708900D1-52D0-48CD-B2F8-23F07C1CB81D}
	EndGlobalSection
EndGlobal
